github.com/jessevdk/go-flags v1.5.0 h1:1jKYvbxEjfUl0fmqTCOfonvskHHXMjBySTLW4y9LFvc=
github.com/jessevdk/go-flags v1.5.0/go.mod h1:Fw0T6WPc1dYxT4mKEZRfG5kJhaTDP9pj1c2EWnYs/m4=
github.com/jwalton/gchalk v1.0.3 h1:Eo/Ig+8efrpVpNI1ZoiJ+fLFHGXH7Q7+pBzOpG4Mib4=
github.com/jwalton/gchalk v1.0.3/go.mod h1:kmvsubrIhnHSklat2ZWNj7zlLs3SS2wGNgsBVPtill4=
github.com/jwalton/go-supportscolor v1.0.0 h1:Do3OE2y/iUibg79+QhkRE6G2evYKEv2bwi6sGs8Nd7s=
github.com/jwalton/go-supportscolor v1.0.0/go.mod h1:hFVUAZV2cWg+WFFC4v8pT2X/S2qUUBYMioBD9AINXGs=
github.com/zyedidia/ftdetect v0.0.0-20210226205021-01c766da7946 h1:dW5z4jWWjyOhJ/tCV1bxPSDNdNVDJzM/kmWn1lIK1PI=
github.com/zyedidia/ftdetect v0.0.0-20210226205021-01c766da7946/go.mod h1:EdZlkR1FBdsrJH2f+08QoLCSZ35oNMFZzPdCt5d9rYE=
github.com/zyedidia/gpeg v0.0.0-20210620221051-ffaa3a8070e7 h1:ShI4StDos6cCkIn2zyqf2ui70tLG3G1LRMG3SJpzqto=
github.com/zyedidia/gpeg v0.0.0-20210620221051-ffaa3a8070e7/go.mod h1:JUfbyVutLbiMWcCx6HhDyRS+D7Umm76+m0UlCykX0Zs=
github.com/zyedidia/rope v0.0.0-20210616205215-37fbf22eab3a h1:+VbuFCNAjzVffErUlm0TIAZClFxFZwJ1il6qtWrnIg8=
github.com/zyedidia/rope v0.0.0-20210616205215-37fbf22eab3a/go.mod h1:IKo1js3O2gdESAUH9F3B33wlrRBnpJMJR/gXyY0a3ho=
golang.org/x/sys v0.0.0-20201119102817-f84b799fce68/go.mod h1:h1NjWce9XRLGQEsW7wpKNCjG9DtNlClVuFLEZdDNbEs=
golang.org/x/sys v0.0.0-20210220050731-9a76102bfb43/go.mod h1:h1NjWce9XRLGQEsW7wpKNCjG9DtNlClVuFLEZdDNbEs=
golang.org/x/sys v0.0.0-20210320140829-1e4c9ba3b0c4 h1:EZ2mChiOa8udjfp6rRmswTbtZN/QzUQp4ptM4rnjHvc=
golang.org/x/sys v0.0.0-20210320140829-1e4c9ba3b0c4/go.mod h1:h1NjWce9XRLGQEsW7wpKNCjG9DtNlClVuFLEZdDNbEs=
golang.org/x/term v0.0.0-20210220032956-6a3ed077a48d h1:SZxvLBoTP5yHO3Frd4z4vrF+DBX9vMVanchswa69toE=
golang.org/x/term v0.0.0-20210220032956-6a3ed077a48d/go.mod h1:bj7SfCRtBDWHUb9snDiAeCFNEtKQo2Wmx5Cou7ajbmo=
gopkg.in/check.v1 v0.0.0-20161208181325-20d25e280405 h1:yhCVgyC4o1eVCa2tZl7eS0r+SDo693bJlVdllGtEeKM=
gopkg.in/check.v1 v0.0.0-20161208181325-20d25e280405/go.mod h1:Co6ibVJAznAaIkqp8huTwlJQCZ016jof/cbN4VW5Yz0=
gopkg.in/yaml.v2 v2.4.0 h1:D8xgwECY7CYvx+Y2n4sBz93Jn9JRvxdiyyo8CTfuKaY=
gopkg.in/yaml.v2 v2.4.0/go.mod h1:RDklbk79AGWmwhnvt/jBztapEOGDOx6ZbXqjP6csGnQ=
